
Microsoft Visual Studio Solution File, Format Version 12.00
# Visual Studio Version 16
VisualStudioVersion = 16.0.30503.244
MinimumVisualStudioVersion = 10.0.40219.1
Project("{FAE04EC0-301F-11D3-BF4B-00C04F79EFBC}") = "UserWalletWebApi", "UserWalletWebApi\UserWalletWebApi.csproj", "{478BA74D-FF4F-4B3C-90F4-528BF78666F7}"
EndProject
Global
	GlobalSection(SolutionConfigurationPlatforms) = preSolution
		Debug|Any CPU = Debug|Any CPU
		Release|Any CPU = Release|Any CPU
	EndGlobalSection
	GlobalSection(ProjectConfigurationPlatforms) = postSolution
		{478BA74D-FF4F-4B3C-90F4-528BF78666F7}.Debug|Any CPU.ActiveCfg = Debug|Any CPU
		{478BA74D-FF4F-4B3C-90F4-528BF78666F7}.Debug|Any CPU.Build.0 = Debug|Any CPU
		{478BA74D-FF4F-4B3C-90F4-528BF78666F7}.Release|Any CPU.ActiveCfg = Release|Any CPU
		{478BA74D-FF4F-4B3C-90F4-528BF78666F7}.Release|Any CPU.Build.0 = Release|Any CPU
	EndGlobalSection
	GlobalSection(SolutionProperties) = preSolution
		HideSolutionNode = FALSE
	EndGlobalSection
	GlobalSection(ExtensibilityGlobals) = postSolution
		SolutionGuid = {6B5768E9-E97C-43BE-A33D-08A30209E497}
	EndGlobalSection
EndGlobal
